
Microsoft Visual Studio Solution File, Format Version 12.00
Project("{FAE04EC0-301F-11D3-BF4B-00C04F79EFBC}") = "PubSub", "PubSub\PubSub.csproj", "{6ED30174-BE60-48DF-B3C1-0FFD4C9D49D9}"
EndProject
Project("{FAE04EC0-301F-11D3-BF4B-00C04F79EFBC}") = "TestProject", "TestProject\TestProject.csproj", "{5D73225B-A007-4C71-A2BA-EA134A0F32ED}"
EndProject
Global
	GlobalSection(SolutionConfigurationPlatforms) = preSolution
		Debug|Any CPU = Debug|Any CPU
		Release|Any CPU = Release|Any CPU
	EndGlobalSection
	GlobalSection(ProjectConfigurationPlatforms) = postSolution
		{6ED30174-BE60-48DF-B3C1-0FFD4C9D49D9}.Debug|Any CPU.ActiveCfg = Debug|Any CPU
		{6ED30174-BE60-48DF-B3C1-0FFD4C9D49D9}.Debug|Any CPU.Build.0 = Debug|Any CPU
		{6ED30174-BE60-48DF-B3C1-0FFD4C9D49D9}.Release|Any CPU.ActiveCfg = Release|Any CPU
		{6ED30174-BE60-48DF-B3C1-0FFD4C9D49D9}.Release|Any CPU.Build.0 = Release|Any CPU
		{5D73225B-A007-4C71-A2BA-EA134A0F32ED}.Debug|Any CPU.ActiveCfg = Debug|Any CPU
		{5D73225B-A007-4C71-A2BA-EA134A0F32ED}.Debug|Any CPU.Build.0 = Debug|Any CPU
		{5D73225B-A007-4C71-A2BA-EA134A0F32ED}.Release|Any CPU.ActiveCfg = Release|Any CPU
		{5D73225B-A007-4C71-A2BA-EA134A0F32ED}.Release|Any CPU.Build.0 = Release|Any CPU
	EndGlobalSection
EndGlobal
